{
	"name": "svelte-typewriter",
	"version": "3.0.0-alpha.7",
	"lockfileVersion": 2,
	"requires": true,
	"packages": {
		"": {
			"name": "svelte-typewriter",
			"version": "3.0.0-alpha.7",
			"license": "MIT",
			"devDependencies": {
				"husky": "^7.0.4",
				"prettier": "^2.4.1",
				"prettier-plugin-svelte": "^2.4.0"
			},
			"peerDependencies": {
				"svelte": ">=3.28.x"
			}
		},
		"node_modules/husky": {
			"version": "7.0.4",
			"resolved": "https://registry.npmjs.org/husky/-/husky-7.0.4.tgz",
			"integrity": "sha512-vbaCKN2QLtP/vD4yvs6iz6hBEo6wkSzs8HpRah1Z6aGmF2KW5PdYuAd7uX5a+OyBZHBhd+TFLqgjUgytQr4RvQ==",
			"dev": true,
			"bin": {
				"husky": "lib/bin.js"
			},
			"engines": {
				"node": ">=12"
			},
			"funding": {
				"url": "https://github.com/sponsors/typicode"
			}
		},
		"node_modules/prettier": {
			"version": "2.4.1",
			"resolved": "https://registry.npmjs.org/prettier/-/prettier-2.4.1.tgz",
			"integrity": "sha512-9fbDAXSBcc6Bs1mZrDYb3XKzDLm4EXXL9sC1LqKP5rZkT6KRr/rf9amVUcODVXgguK/isJz0d0hP72WeaKWsvA==",
			"dev": true,
			"bin": {
				"prettier": "bin-prettier.js"
			},
			"engines": {
				"node": ">=10.13.0"
			}
		},
		"node_modules/prettier-plugin-svelte": {
			"version": "2.4.0",
			"resolved": "https://registry.npmjs.org/prettier-plugin-svelte/-/prettier-plugin-svelte-2.4.0.tgz",
			"integrity": "sha512-JwJ9bOz4XHLQtiLnX4mTSSDUdhu12WH8sTwy/XTDCSyPlah6IcV7NWeYBZscPEcceu2YnW8Y9sJCP40Z2UH9GA==",
			"dev": true,
			"peerDependencies": {
				"prettier": "^1.16.4 || ^2.0.0",
				"svelte": "^3.2.0"
			}
		},
		"node_modules/svelte": {
			"version": "3.44.1",
			"resolved": "https://registry.npmjs.org/svelte/-/svelte-3.44.1.tgz",
			"integrity": "sha512-4DrCEJoBvdR689efHNSxIQn2pnFwB7E7j2yLEJtHE/P8hxwZWIphCtJ8are7bjl/iVMlcEf5uh5pJ68IwR09vQ==",
			"peer": true,
			"engines": {
				"node": ">= 8"
			}
		}
	},
	"dependencies": {
		"husky": {
			"version": "7.0.4",
			"resolved": "https://registry.npmjs.org/husky/-/husky-7.0.4.tgz",
			"integrity": "sha512-vbaCKN2QLtP/vD4yvs6iz6hBEo6wkSzs8HpRah1Z6aGmF2KW5PdYuAd7uX5a+OyBZHBhd+TFLqgjUgytQr4RvQ==",
			"dev": true
		},
		"prettier": {
			"version": "2.4.1",
			"resolved": "https://registry.npmjs.org/prettier/-/prettier-2.4.1.tgz",
			"integrity": "sha512-9fbDAXSBcc6Bs1mZrDYb3XKzDLm4EXXL9sC1LqKP5rZkT6KRr/rf9amVUcODVXgguK/isJz0d0hP72WeaKWsvA==",
			"dev": true
		},
		"prettier-plugin-svelte": {
			"version": "2.4.0",
			"resolved": "https://registry.npmjs.org/prettier-plugin-svelte/-/prettier-plugin-svelte-2.4.0.tgz",
			"integrity": "sha512-JwJ9bOz4XHLQtiLnX4mTSSDUdhu12WH8sTwy/XTDCSyPlah6IcV7NWeYBZscPEcceu2YnW8Y9sJCP40Z2UH9GA==",
			"dev": true,
			"requires": {}
		},
		"svelte": {
			"version": "3.44.1",
			"resolved": "https://registry.npmjs.org/svelte/-/svelte-3.44.1.tgz",
			"integrity": "sha512-4DrCEJoBvdR689efHNSxIQn2pnFwB7E7j2yLEJtHE/P8hxwZWIphCtJ8are7bjl/iVMlcEf5uh5pJ68IwR09vQ==",
			"peer": true
		}
	}
}
