{
	"name": "svelte-typewriter",
	"version": "3.0.0-alpha.9",
	"lockfileVersion": 2,
	"requires": true,
	"packages": {
		"": {
			"name": "svelte-typewriter",
			"version": "3.0.0-alpha.9",
			"license": "MIT",
			"devDependencies": {
				"@tsconfig/svelte": "^3.0.0",
				"husky": "^7.0.4",
				"prettier": "^2.5.1",
				"prettier-plugin-svelte": "^2.6.0"
			},
			"peerDependencies": {
				"svelte": ">=3.46.x"
			}
		},
		"node_modules/@tsconfig/svelte": {
			"version": "3.0.0",
			"resolved": "https://registry.npmjs.org/@tsconfig/svelte/-/svelte-3.0.0.tgz",
			"integrity": "sha512-pYrtLtOwku/7r1i9AMONsJMVYAtk3hzOfiGNekhtq5tYBGA7unMve8RvUclKLMT3PrihvJqUmzsRGh0RP84hKg==",
			"dev": true
		},
		"node_modules/husky": {
			"version": "7.0.4",
			"resolved": "https://registry.npmjs.org/husky/-/husky-7.0.4.tgz",
			"integrity": "sha512-vbaCKN2QLtP/vD4yvs6iz6hBEo6wkSzs8HpRah1Z6aGmF2KW5PdYuAd7uX5a+OyBZHBhd+TFLqgjUgytQr4RvQ==",
			"dev": true,
			"bin": {
				"husky": "lib/bin.js"
			},
			"engines": {
				"node": ">=12"
			},
			"funding": {
				"url": "https://github.com/sponsors/typicode"
			}
		},
		"node_modules/prettier": {
			"version": "2.5.1",
			"resolved": "https://registry.npmjs.org/prettier/-/prettier-2.5.1.tgz",
			"integrity": "sha512-vBZcPRUR5MZJwoyi3ZoyQlc1rXeEck8KgeC9AwwOn+exuxLxq5toTRDTSaVrXHxelDMHy9zlicw8u66yxoSUFg==",
			"dev": true,
			"bin": {
				"prettier": "bin-prettier.js"
			},
			"engines": {
				"node": ">=10.13.0"
			}
		},
		"node_modules/prettier-plugin-svelte": {
			"version": "2.6.0",
			"resolved": "https://registry.npmjs.org/prettier-plugin-svelte/-/prettier-plugin-svelte-2.6.0.tgz",
			"integrity": "sha512-NPSRf6Y5rufRlBleok/pqg4+1FyGsL0zYhkYP6hnueeL1J/uCm3OfOZPsLX4zqD9VAdcXfyEL2PYqGv8ZoOSfA==",
			"dev": true,
			"peerDependencies": {
				"prettier": "^1.16.4 || ^2.0.0",
				"svelte": "^3.2.0"
			}
		},
		"node_modules/svelte": {
			"version": "3.46.3",
			"resolved": "https://registry.npmjs.org/svelte/-/svelte-3.46.3.tgz",
			"integrity": "sha512-mTOXvv74CVQqJHqoIZDprVfRKVVmYNadXP0VKnOEA54223kLGCr1nMrifS4Zx29qMt/xRB38Eq1D7dDH/fM8fQ==",
			"peer": true,
			"engines": {
				"node": ">= 8"
			}
		}
	},
	"dependencies": {
		"@tsconfig/svelte": {
			"version": "3.0.0",
			"resolved": "https://registry.npmjs.org/@tsconfig/svelte/-/svelte-3.0.0.tgz",
			"integrity": "sha512-pYrtLtOwku/7r1i9AMONsJMVYAtk3hzOfiGNekhtq5tYBGA7unMve8RvUclKLMT3PrihvJqUmzsRGh0RP84hKg==",
			"dev": true
		},
		"husky": {
			"version": "7.0.4",
			"resolved": "https://registry.npmjs.org/husky/-/husky-7.0.4.tgz",
			"integrity": "sha512-vbaCKN2QLtP/vD4yvs6iz6hBEo6wkSzs8HpRah1Z6aGmF2KW5PdYuAd7uX5a+OyBZHBhd+TFLqgjUgytQr4RvQ==",
			"dev": true
		},
		"prettier": {
			"version": "2.5.1",
			"resolved": "https://registry.npmjs.org/prettier/-/prettier-2.5.1.tgz",
			"integrity": "sha512-vBZcPRUR5MZJwoyi3ZoyQlc1rXeEck8KgeC9AwwOn+exuxLxq5toTRDTSaVrXHxelDMHy9zlicw8u66yxoSUFg==",
			"dev": true
		},
		"prettier-plugin-svelte": {
			"version": "2.6.0",
			"resolved": "https://registry.npmjs.org/prettier-plugin-svelte/-/prettier-plugin-svelte-2.6.0.tgz",
			"integrity": "sha512-NPSRf6Y5rufRlBleok/pqg4+1FyGsL0zYhkYP6hnueeL1J/uCm3OfOZPsLX4zqD9VAdcXfyEL2PYqGv8ZoOSfA==",
			"dev": true,
			"requires": {}
		},
		"svelte": {
			"version": "3.46.3",
			"resolved": "https://registry.npmjs.org/svelte/-/svelte-3.46.3.tgz",
			"integrity": "sha512-mTOXvv74CVQqJHqoIZDprVfRKVVmYNadXP0VKnOEA54223kLGCr1nMrifS4Zx29qMt/xRB38Eq1D7dDH/fM8fQ==",
			"peer": true
		}
	}
}
